
Microsoft Visual Studio Solution File, Format Version 12.00
# Visual Studio Version 17
VisualStudioVersion = 17.5.002.0
MinimumVisualStudioVersion = 10.0.40219.1
Project("{2150E333-8FDC-42A3-9474-1A3956D46DE8}") = "Csharp", "Csharp", "{C23D9E49-1995-4686-81B9-37A2FD71D10C}"
EndProject
Project("{9A19103F-16F7-4668-BE54-9A1E7A4F7556}") = "NeuralNetWork", "Csharp\NeuralNetWork\NeuralNetWork.csproj", "{EC43494F-7776-4727-A1EA-86F59FCCFE1D}"
EndProject
Global
	GlobalSection(SolutionConfigurationPlatforms) = preSolution
		Debug|Any CPU = Debug|Any CPU
		Release|Any CPU = Release|Any CPU
	EndGlobalSection
	GlobalSection(ProjectConfigurationPlatforms) = postSolution
		{EC43494F-7776-4727-A1EA-86F59FCCFE1D}.Debug|Any CPU.ActiveCfg = Debug|Any CPU
		{EC43494F-7776-4727-A1EA-86F59FCCFE1D}.Debug|Any CPU.Build.0 = Debug|Any CPU
		{EC43494F-7776-4727-A1EA-86F59FCCFE1D}.Release|Any CPU.ActiveCfg = Release|Any CPU
		{EC43494F-7776-4727-A1EA-86F59FCCFE1D}.Release|Any CPU.Build.0 = Release|Any CPU
	EndGlobalSection
	GlobalSection(SolutionProperties) = preSolution
		HideSolutionNode = FALSE
	EndGlobalSection
	GlobalSection(NestedProjects) = preSolution
		{EC43494F-7776-4727-A1EA-86F59FCCFE1D} = {C23D9E49-1995-4686-81B9-37A2FD71D10C}
	EndGlobalSection
	GlobalSection(ExtensibilityGlobals) = postSolution
		SolutionGuid = {446BE4BC-101A-445D-936F-E682D94F49F6}
	EndGlobalSection
EndGlobal
